
Microsoft Visual Studio Solution File, Format Version 12.00
# Visual Studio Version 17
VisualStudioVersion = 17.14.36301.6 d17.14
MinimumVisualStudioVersion = 10.0.40219.1
Project("{FAE04EC0-301F-11D3-BF4B-00C04F79EFBC}") = "OrderManager", "OrderManager\OrderManager.csproj", "{2FA6BAD6-2126-4E6B-A633-A0948AAB6E75}"
EndProject
Global
	GlobalSection(SolutionConfigurationPlatforms) = preSolution
		Debug|Any CPU = Debug|Any CPU
		Release|Any CPU = Release|Any CPU
	EndGlobalSection
	GlobalSection(ProjectConfigurationPlatforms) = postSolution
		{2FA6BAD6-2126-4E6B-A633-A0948AAB6E75}.Debug|Any CPU.ActiveCfg = Debug|Any CPU
		{2FA6BAD6-2126-4E6B-A633-A0948AAB6E75}.Debug|Any CPU.Build.0 = Debug|Any CPU
		{2FA6BAD6-2126-4E6B-A633-A0948AAB6E75}.Release|Any CPU.ActiveCfg = Release|Any CPU
		{2FA6BAD6-2126-4E6B-A633-A0948AAB6E75}.Release|Any CPU.Build.0 = Release|Any CPU
	EndGlobalSection
	GlobalSection(SolutionProperties) = preSolution
		HideSolutionNode = FALSE
	EndGlobalSection
	GlobalSection(ExtensibilityGlobals) = postSolution
		SolutionGuid = {7C0DB1DC-C3CF-423E-A0FC-11CBB3740E96}
	EndGlobalSection
EndGlobal
